{
  "version": "5",
  "remote": {
    "https://deno.land/std@0.160.0/_util/assert.ts": "e94f2eb37cebd7f199952e242c77654e43333c1ac4c5c700e929ea3aa5489f74",
    "https://deno.land/std@0.160.0/_util/os.ts": "8a33345f74990e627b9dfe2de9b040004b08ea5146c7c9e8fe9a29070d193934",
    "https://deno.land/std@0.160.0/async/abortable.ts": "87aa7230be8360c24ad437212311c9e8d4328854baec27b4c7abb26e85515c06",
    "https://deno.land/std@0.160.0/async/deadline.ts": "48ac998d7564969f3e6ec6b6f9bf0217ebd00239b1b2292feba61272d5dd58d0",
    "https://deno.land/std@0.160.0/async/debounce.ts": "dc8b92d4a4fe7eac32c924f2b8d3e62112530db70cadce27042689d82970b350",
    "https://deno.land/std@0.160.0/async/deferred.ts": "d8fb253ffde2a056e4889ef7e90f3928f28be9f9294b6505773d33f136aab4e6",
    "https://deno.land/std@0.160.0/async/delay.ts": "0419dfc993752849692d1f9647edf13407c7facc3509b099381be99ffbc9d699",
    "https://deno.land/std@0.160.0/async/mod.ts": "dd0a8ed4f3984ffabe2fcca7c9f466b7932d57b1864ffee148a5d5388316db6b",
    "https://deno.land/std@0.160.0/async/mux_async_iterator.ts": "3447b28a2a582224a3d4d3596bccbba6e85040da3b97ed64012f7decce98d093",
    "https://deno.land/std@0.160.0/async/pool.ts": "ef9eb97b388543acbf0ac32647121e4dbe629236899586c4d4311a8770fbb239",
    "https://deno.land/std@0.160.0/async/tee.ts": "9af3a3e7612af75861308b52249e167f5ebc3dcfc8a1a4d45462d96606ee2b70",
    "https://deno.land/std@0.160.0/bytes/bytes_list.ts": "aba5e2369e77d426b10af1de0dcc4531acecec27f9b9056f4f7bfbf8ac147ab4",
    "https://deno.land/std@0.160.0/bytes/equals.ts": "3c3558c3ae85526f84510aa2b48ab2ad7bdd899e2e0f5b7a8ffc85acb3a6043a",
    "https://deno.land/std@0.160.0/bytes/mod.ts": "b2e342fd3669176a27a4e15061e9d588b89c1aaf5008ab71766e23669565d179",
    "https://deno.land/std@0.160.0/crypto/_fnv/fnv32.ts": "aa9bddead8c6345087d3abd4ef35fb9655622afc333fc41fff382b36e64280b5",
    "https://deno.land/std@0.160.0/crypto/_fnv/fnv64.ts": "625d7e7505b6cb2e9801b5fd6ed0a89256bac12b2bbb3e4664b85a88b0ec5bef",
    "https://deno.land/std@0.160.0/crypto/_fnv/index.ts": "a8f6a361b4c6d54e5e89c16098f99b6962a1dd6ad1307dbc97fa1ecac5d7060a",
    "https://deno.land/std@0.160.0/crypto/_fnv/util.ts": "4848313bed7f00f55be3cb080aa0583fc007812ba965b03e4009665bde614ce3",
    "https://deno.land/std@0.160.0/crypto/_wasm_crypto/lib/deno_std_wasm_crypto.generated.mjs": "258b484c2da27578bec61c01d4b62c21f72268d928d03c968c4eb590cb3bd830",
    "https://deno.land/std@0.160.0/crypto/_wasm_crypto/mod.ts": "6c60d332716147ded0eece0861780678d51b560f533b27db2e15c64a4ef83665",
    "https://deno.land/std@0.160.0/crypto/keystack.ts": "e481eed28007395e554a435e880fee83a5c73b9259ed8a135a75e4b1e4f381f7",
    "https://deno.land/std@0.160.0/crypto/mod.ts": "fadedc013b4a86fda6305f1adc6d1c02225834d53cff5d95cc05f62b25127517",
    "https://deno.land/std@0.160.0/crypto/timing_safe_equal.ts": "82a29b737bc8932d75d7a20c404136089d5d23629e94ba14efa98a8cc066c73e",
    "https://deno.land/std@0.160.0/datetime/formatter.ts": "7c8e6d16a0950f400aef41b9f1eb9168249869776ec520265dfda785d746589e",
    "https://deno.land/std@0.160.0/datetime/mod.ts": "ea927ca96dfb28c7b9a5eed5bdc7ac46bb9db38038c4922631895cea342fea87",
    "https://deno.land/std@0.160.0/datetime/tokenizer.ts": "7381e28f6ab51cb504c7e132be31773d73ef2f3e1e50a812736962b9df1e8c47",
    "https://deno.land/std@0.160.0/encoding/base64.ts": "c57868ca7fa2fbe919f57f88a623ad34e3d970d675bdc1ff3a9d02bba7409db2",
    "https://deno.land/std@0.160.0/encoding/base64url.ts": "a5f82a9fa703bd85a5eb8e7c1296bc6529e601ebd9642cc2b5eaa6b38fa9e05a",
    "https://deno.land/std@0.160.0/encoding/hex.ts": "4cc5324417cbb4ac9b828453d35aed45b9cc29506fad658f1f138d981ae33795",
    "https://deno.land/std@0.160.0/fmt/colors.ts": "9e36a716611dcd2e4865adea9c4bec916b5c60caad4cdcdc630d4974e6bb8bd4",
    "https://deno.land/std@0.160.0/io/buffer.ts": "fae02290f52301c4e0188670e730cd902f9307fb732d79c4aa14ebdc82497289",
    "https://deno.land/std@0.160.0/path/_constants.ts": "df1db3ffa6dd6d1252cc9617e5d72165cd2483df90e93833e13580687b6083c3",
    "https://deno.land/std@0.160.0/path/_interface.ts": "ee3b431a336b80cf445441109d089b70d87d5e248f4f90ff906820889ecf8d09",
    "https://deno.land/std@0.160.0/path/_util.ts": "d16be2a16e1204b65f9d0dfc54a9bc472cafe5f4a190b3c8471ec2016ccd1677",
    "https://deno.land/std@0.160.0/path/common.ts": "bee563630abd2d97f99d83c96c2fa0cca7cee103e8cb4e7699ec4d5db7bd2633",
    "https://deno.land/std@0.160.0/path/glob.ts": "cb5255638de1048973c3e69e420c77dc04f75755524cb3b2e160fe9277d939ee",
    "https://deno.land/std@0.160.0/path/mod.ts": "56fec03ad0ebd61b6ab39ddb9b0ddb4c4a5c9f2f4f632e09dd37ec9ebfd722ac",
    "https://deno.land/std@0.160.0/path/posix.ts": "6b63de7097e68c8663c84ccedc0fd977656eb134432d818ecd3a4e122638ac24",
    "https://deno.land/std@0.160.0/path/separator.ts": "fe1816cb765a8068afb3e8f13ad272351c85cbc739af56dacfc7d93d710fe0f9",
    "https://deno.land/std@0.160.0/path/win32.ts": "ee8826dce087d31c5c81cd414714e677eb68febc40308de87a2ce4b40e10fb8d",
    "https://deno.land/std@0.160.0/testing/_diff.ts": "a23e7fc2b4d8daa3e158fa06856bedf5334ce2a2831e8bf9e509717f455adb2c",
    "https://deno.land/std@0.160.0/testing/_format.ts": "cd11136e1797791045e639e9f0f4640d5b4166148796cad37e6ef75f7d7f3832",
    "https://deno.land/std@0.160.0/testing/asserts.ts": "1e340c589853e82e0807629ba31a43c84ebdcdeca910c4a9705715dfdb0f5ce8",
    "https://deno.land/x/postgres@v0.17.1/client.ts": "348779c9f6a1c75ef1336db662faf08dce7d2101ff72f0d1e341ba1505c8431d",
    "https://deno.land/x/postgres@v0.17.1/client/error.ts": "0817583b666fd546664ed52c1d37beccc5a9eebcc6e3c2ead20ada99b681e5f7",
    "https://deno.land/x/postgres@v0.17.1/connection/auth.ts": "1070125e2ac4ca4ade36d69a4222d37001903092826d313217987583edd61ce9",
    "https://deno.land/x/postgres@v0.17.1/connection/connection.ts": "428ed3efa055870db505092b5d3545ef743497b7b4b72cf8f0593e7dd4788acd",
    "https://deno.land/x/postgres@v0.17.1/connection/connection_params.ts": "52bfe90e8860f584b95b1b08c254dde97c3aa763c4b6bee0c80c5930e35459e0",
    "https://deno.land/x/postgres@v0.17.1/connection/message.ts": "f9257948b7f87d58bfbfe3fc6e2e08f0de3ef885655904d56a5f73655cc22c5a",
    "https://deno.land/x/postgres@v0.17.1/connection/message_code.ts": "466719008b298770c366c5c63f6cf8285b7f76514dadb4b11e7d9756a8a1ddbf",
    "https://deno.land/x/postgres@v0.17.1/connection/packet.ts": "050aeff1fc13c9349e89451a155ffcd0b1343dc313a51f84439e3e45f64b56c8",
    "https://deno.land/x/postgres@v0.17.1/connection/scram.ts": "0c7a2551fe7b1a1c62dd856b7714731a7e7534ccca10093336782d1bfc5b2bd2",
    "https://deno.land/x/postgres@v0.17.1/deps.ts": "f47ccb41f7f97eaad455d94f407ef97146ae99443dbe782894422c869fbba69e",
    "https://deno.land/x/postgres@v0.17.1/mod.ts": "a1e18fd9e6fedc8bc24e5aeec3ae6de45e2274be1411fb66e9081420c5e81d7d",
    "https://deno.land/x/postgres@v0.17.1/pool.ts": "892db7b5e1787988babecc994a151ebbd7d017f080905cbe9c3d7b44a73032a9",
    "https://deno.land/x/postgres@v0.17.1/query/array_parser.ts": "f8a229d82c3801de8266fa2cc4afe12e94fef8d0c479e73655c86ed3667ef33f",
    "https://deno.land/x/postgres@v0.17.1/query/decode.ts": "44a4a6cbcf494ed91a4fecae38a57dce63a7b519166f02c702791d9717371419",
    "https://deno.land/x/postgres@v0.17.1/query/decoders.ts": "a54b195ea59d0e615ca224370296ef7e1a824c4e31a95bcea6362290ae831e68",
    "https://deno.land/x/postgres@v0.17.1/query/encode.ts": "5f1418a2932b7c2231556e4a5f5f56efef48728014070cfafe7656963f342933",
    "https://deno.land/x/postgres@v0.17.1/query/oid.ts": "8c33e1325f34e4ca9f11a48b8066c8cfcace5f64bc1eb17ad7247af4936999e1",
    "https://deno.land/x/postgres@v0.17.1/query/query.ts": "edb473cbcfeff2ee1c631272afb25d079d06b66b5853f42492725b03ffa742b6",
    "https://deno.land/x/postgres@v0.17.1/query/transaction.ts": "3c9d18972cc8fd34603ce5591bca1aa9f22bc63c9088218c00157c7d106b30d4",
    "https://deno.land/x/postgres@v0.17.1/query/types.ts": "540f6f973d493d63f2c0059a09f3368071f57931bba68bea408a635a3e0565d6",
    "https://deno.land/x/postgres@v0.17.1/utils/deferred.ts": "dd94f2a57355355c47812b061a51b55263f72d24e9cb3fdb474c7519f4d61083",
    "https://deno.land/x/postgres@v0.17.1/utils/utils.ts": "19c3527ddd5c6c4c49ae36397120274c7f41f9d3cbf479cb36065d23329e9f90",
    "https://deno.land/x/zod@v3.23.8/ZodError.ts": "528da200fbe995157b9ae91498b103c4ef482217a5c086249507ac850bd78f52",
    "https://deno.land/x/zod@v3.23.8/errors.ts": "5285922d2be9700cc0c70c95e4858952b07ae193aa0224be3cbd5cd5567eabef",
    "https://deno.land/x/zod@v3.23.8/external.ts": "a6cfbd61e9e097d5f42f8a7ed6f92f93f51ff927d29c9fbaec04f03cbce130fe",
    "https://deno.land/x/zod@v3.23.8/helpers/enumUtil.ts": "54efc393cc9860e687d8b81ff52e980def00fa67377ad0bf8b3104f8a5bf698c",
    "https://deno.land/x/zod@v3.23.8/helpers/errorUtil.ts": "7a77328240be7b847af6de9189963bd9f79cab32bbc61502a9db4fe6683e2ea7",
    "https://deno.land/x/zod@v3.23.8/helpers/parseUtil.ts": "c14814d167cc286972b6e094df88d7d982572a08424b7cd50f862036b6fcaa77",
    "https://deno.land/x/zod@v3.23.8/helpers/partialUtil.ts": "998c2fe79795257d4d1cf10361e74492f3b7d852f61057c7c08ac0a46488b7e7",
    "https://deno.land/x/zod@v3.23.8/helpers/typeAliases.ts": "0fda31a063c6736fc3cf9090dd94865c811dfff4f3cb8707b932bf937c6f2c3e",
    "https://deno.land/x/zod@v3.23.8/helpers/util.ts": "30c273131661ca5dc973f2cfb196fa23caf3a43e224cdde7a683b72e101a31fc",
    "https://deno.land/x/zod@v3.23.8/index.ts": "d27aabd973613985574bc31f39e45cb5d856aa122ef094a9f38a463b8ef1a268",
    "https://deno.land/x/zod@v3.23.8/locales/en.ts": "a7a25cd23563ccb5e0eed214d9b31846305ddbcdb9c5c8f508b108943366ab4c",
    "https://deno.land/x/zod@v3.23.8/mod.ts": "ec6e2b1255c1a350b80188f97bd0a6bac45801bb46fc48f50b9763aa66046039",
    "https://deno.land/x/zod@v3.23.8/types.ts": "1b172c90782b1eaa837100ebb6abd726d79d6c1ec336350c8e851e0fd706bf5c",
    "https://esm.sh/v135/@supabase/auth-js@2.70.0/esnext/auth-js.mjs": "be743aa7bfeb352eadec2d0533a51ec432159a0a95858c13fe7d6b14bc67a3bd",
    "https://esm.sh/v135/@supabase/functions-js@2.4.4/esnext/functions-js.mjs": "9ca31f006ee45478b14aa36ea7abe843333422669b1c73b3a10d6ccbf2125a5e",
    "https://esm.sh/v135/@supabase/node-fetch@2.6.13/esnext/node-fetch.mjs": "600b6e36169ec3b8edd1ae7ee2899e5a8d6df16dbb704f3504ab0646cd81e200",
    "https://esm.sh/v135/@supabase/node-fetch@2.6.15/esnext/node-fetch.mjs": "6435a142fd3cd561d9903bef35ce9a0f0b618cb17a0d443f0a1901e317164a5f",
    "https://esm.sh/v135/@supabase/postgrest-js@1.19.4/esnext/postgrest-js.mjs": "5f53c0670677b14e6de4fe1038be64e2e69eae61137b2d68b59f4663a5bf3cf5",
    "https://esm.sh/v135/@supabase/realtime-js@2.11.10/esnext/realtime-js.mjs": "6d304b57374c6f510f2ea5d6e9a0f25fbfae1b49e713b8975005a81fb5248cf6",
    "https://esm.sh/v135/@supabase/storage-js@2.7.1/esnext/storage-js.mjs": "38f46f3bec6a6fc2bebc150bfacff98b64a20efbed75f1b5b6ec89257ee3de16",
    "https://esm.sh/v135/@supabase/supabase-js@2.50.0": "5c709d31c754242d63d47fdf3a6f8e31368eec7ba04abdbe0faa1652b13e323b",
    "https://esm.sh/v135/@supabase/supabase-js@2.50.0/esnext/supabase-js.mjs": "8c50f7af08980b43cb4190ff704b75c855f6de0ab64677b76c6ba3242e1aaa68",
    "https://esm.sh/v135/assert@2.1.0/esnext/assert.mjs": "1ad21b2535aafede5c9bdcee66f7548add91192e8338cbdfacb5e5d07a529c00",
    "https://esm.sh/v135/available-typed-arrays@1.0.5/esnext/available-typed-arrays.mjs": "879717509ea7bda483ea9dca970e493f5cddbcc2eb295793305ec7be7cc0bcfc",
    "https://esm.sh/v135/base64-js@1.5.1/esnext/base64-js.mjs": "349361f227d34ff80b673a7741ea0b509dbb6c9c89d650b86a0b55705e25c8dc",
    "https://esm.sh/v135/browserify-zlib@0.2.0/esnext/browserify-zlib.mjs": "2186f3fe5baa1a90a152ba1a4fb6a9e534ef19ad7ca0812fbdbbb421ef4dfd8d",
    "https://esm.sh/v135/buffer@6.0.3/esnext/buffer.bundle.mjs": "ab5d16329391983e74b9224bf9187663b639e5bc1f4284b2676ab4c137dd6622",
    "https://esm.sh/v135/buffer@6.0.3/esnext/buffer.mjs": "96d3feae3c85458674c2b7e912a41e680a44a762ec606f7c3baa3c781455f043",
    "https://esm.sh/v135/builtin-status-codes@3.0.0/esnext/builtin-status-codes.mjs": "115d232e6df14cad0677b0c2aaa8b1711e91fec3c31cf81c31a6ad8c01ec37f8",
    "https://esm.sh/v135/call-bind@1.0.5/esnext/call-bind.mjs": "47a3b8fbceec90dd30b971b539a608c8325e673c8cd7db106d76228d3e27471e",
    "https://esm.sh/v135/call-bind@1.0.5/esnext/callBound.js": "e6a5ba3c7567e4790270c749bb470a645a8477c872c2d1f8e57de414a426b174",
    "https://esm.sh/v135/define-data-property@1.1.1/esnext/define-data-property.mjs": "096d149bc02360c3aa17119a17f716f02e450761a2d60c69191bcd3a3be28f01",
    "https://esm.sh/v135/define-data-property@1.1.4/esnext/define-data-property.mjs": "3f873e868c1ec5c0a859c084ebf4b080ad8af6321a286881794a5a25c0a071b8",
    "https://esm.sh/v135/define-properties@1.2.1/esnext/define-properties.mjs": "df2d668c9400c638ae39922d2f1bae0a120201c07e47430e49c6f8671444b06d",
    "https://esm.sh/v135/es-define-property@1.0.0/esnext/es-define-property.mjs": "ec4f80348b75579dfc895f3046ddad502cfd2b95365733d79e0d488764b3c981",
    "https://esm.sh/v135/es-errors@1.3.0/esnext/es-errors.mjs": "2d1f4932d1c960a5ed10129cc95f5fb9ce5ff80df3b64b413942ef6139f5c9d4",
    "https://esm.sh/v135/es-errors@1.3.0/esnext/eval.js": "80e577493b669787d10b5317927930ba61311e27df5bcc1c2a317bf7be990885",
    "https://esm.sh/v135/es-errors@1.3.0/esnext/range.js": "089c87243c451751fc2bbf1f427f8133c7a18956977af16f5708b0bba1f8617b",
    "https://esm.sh/v135/es-errors@1.3.0/esnext/ref.js": "d877048ca021df781b932d7f86ca9421f33b4cdca8bc97fe06e3ecfff6d47f46",
    "https://esm.sh/v135/es-errors@1.3.0/esnext/syntax.js": "e658b5a6fc3bfecf654174a93225cf499aa8c8f5bcb580831359e2381e5d6f9e",
    "https://esm.sh/v135/es-errors@1.3.0/esnext/type.js": "c0493f2341f079706e0221e6f4ec887b2c8a542e7ee344da8c9da650289118ba",
    "https://esm.sh/v135/es-errors@1.3.0/esnext/uri.js": "5bf598d7ee7b3490de376e512b0b9f697cbd795a0ab7e84a19ba46c59a1cf358",
    "https://esm.sh/v135/for-each@0.3.3/esnext/for-each.mjs": "1c2e52cda44b0d6ee94bb0b91f946ef0e7dec87e8c6f1b51634475134035686e",
    "https://esm.sh/v135/function-bind@1.1.2/esnext/function-bind.mjs": "546d057111dcb4fa1be18a16a092c1d5ed7b0694f92cab81d6998164585270f4",
    "https://esm.sh/v135/get-intrinsic@1.2.2/esnext/get-intrinsic.mjs": "0eddad8275dad7f86bda7fdc9079fb42ffc21b36e03cf79edd3024f711853ed7",
    "https://esm.sh/v135/get-intrinsic@1.2.4/esnext/get-intrinsic.mjs": "76af63a0625579cbdba9c7ddbc9f821adb5608d9c882039246b5202778b02e45",
    "https://esm.sh/v135/gopd@1.0.1/esnext/gopd.mjs": "6ad3091f30003f23a6b1c7a00da5cdecf87c98a59a08ee1ed0ab7d48652cfd3a",
    "https://esm.sh/v135/has-property-descriptors@1.0.1/esnext/has-property-descriptors.mjs": "1e3ac38f95d4ab049bd5a2115711675dc80a9f9295188cb05b177c2b4053fd40",
    "https://esm.sh/v135/has-property-descriptors@1.0.2/esnext/has-property-descriptors.mjs": "72567569d67069dda862704d4e57db278cebd552f189fe44dde66387c0cdd4a2",
    "https://esm.sh/v135/has-proto@1.0.1/esnext/has-proto.mjs": "bd5bd48e0ab3aeeba5120a8b29d07d747a1aa5bf496176242ff6d15813d5906e",
    "https://esm.sh/v135/has-symbols@1.0.3/esnext/has-symbols.mjs": "c041abaaa06ad0c967d4eb628ae74654cf4eaaf67fa7989c14e24993ce515111",
    "https://esm.sh/v135/has-symbols@1.0.3/esnext/shams.js": "3215fea953d2ea15fdcc034d40d1ab90baedac5a31f0d478830a4e48db494277",
    "https://esm.sh/v135/has-tostringtag@1.0.0/esnext/shams.js": "94ac02c95862be87136dcc05a6549eab40d6e376dea9f74ace897d8310990381",
    "https://esm.sh/v135/hasown@2.0.0/esnext/hasown.mjs": "91899fc306742ad2399fd22562eeb315c9c6a36960490f70d82d264bf77fa103",
    "https://esm.sh/v135/hasown@2.0.1/esnext/hasown.mjs": "24088b255af8365f2b312c219a678250f4707f97d337cd3af597c78b786a52c3",
    "https://esm.sh/v135/https-browserify@1.0.0/esnext/https-browserify.mjs": "4c7f3dc5528969567a7e2921f845763c7d85d175753093cefe3a436d35079ffa",
    "https://esm.sh/v135/ieee754@1.2.1/esnext/ieee754.mjs": "697af7a0508eafc364c7ff778310afdc7e7d7187c15f5f3a3295b541785af5b4",
    "https://esm.sh/v135/inherits@2.0.4/esnext/inherits.mjs": "b60da64dd1d3fae683dbbeaf1b72455cc2a3e3988a4a2762b633503e60d3abd9",
    "https://esm.sh/v135/is-arguments@1.1.1/esnext/is-arguments.mjs": "108d561ed88c1d42f649aac0b664ad4810def52dedc02a75d1a6b6fc32a4eae1",
    "https://esm.sh/v135/is-callable@1.2.7/esnext/is-callable.mjs": "f47b551d9875cf65d2e630a59595824767a076e4268adc505315a791e93673ec",
    "https://esm.sh/v135/is-generator-function@1.0.10/esnext/is-generator-function.mjs": "c79ab6f27f2c1487c2af74a9063625caa3a62e42cc2684b2352b668e13cd947f",
    "https://esm.sh/v135/is-nan@1.3.2/esnext/is-nan.mjs": "032d03ff4835aacab30341739e13009c84595f30bda9f0a937e2f6be7ee0cbdb",
    "https://esm.sh/v135/is-typed-array@1.1.12/esnext/is-typed-array.mjs": "8ec542400b1de2e070405561699918929a55749f181e03d7577b97c4bcacf2b2",
    "https://esm.sh/v135/node_events.js": "b1b65598db01a0621f65bf86948381344943c6b53828c470be4caa678d5fcfd5",
    "https://esm.sh/v135/node_process.js": "13a1bd2438678b509dd68a0006c11c50c77451c9bcdeaa25c6602236ffce247c",
    "https://esm.sh/v135/object-inspect@1.13.1/esnext/object-inspect.mjs": "b1ff995dfae4473961c2d02636b4ff15bbe8df647c28923e404c32cee6e359c6",
    "https://esm.sh/v135/object-is@1.1.5/esnext/object-is.mjs": "acbff459a4870269d5ab4d299ef452d1cb1ccd43e778b2865cb89eca6f119da7",
    "https://esm.sh/v135/object-is@1.1.5/esnext/polyfill.js": "22e7fa986ea0defb368bafdb035d423d6b0a62f02b109878c747b4713b187ea3",
    "https://esm.sh/v135/object-keys@1.1.1/esnext/object-keys.mjs": "04c6bfeeb6e8b62be24de6f2e5536f44146c4b3a19ab1a5b4cea48ce94d5b0fa",
    "https://esm.sh/v135/object.assign@4.1.4/esnext/polyfill.js": "74018313b0d030368ff255e6ab000aaec05dccf761b13fd0e778e8b03c43d77d",
    "https://esm.sh/v135/pako@1.0.11/esnext/lib/zlib/constants.js": "cea4698acc89c8b80912f0ea22e644da2d854d0d8088f48db89b9371c565e259",
    "https://esm.sh/v135/pako@1.0.11/esnext/lib/zlib/deflate.js": "f08f42edcf0c66a081f05f8e56e2bbe4ab7cb6ab19c33249997f450dbf11b7f7",
    "https://esm.sh/v135/pako@1.0.11/esnext/lib/zlib/inflate.js": "d2602dbc93405c791ac30730e80b902ae63190e61334ed0ca209e66516f089d2",
    "https://esm.sh/v135/pako@1.0.11/esnext/lib/zlib/zstream.js": "0acd52a3269e27f81661f44459d3b83557205f0163d4705bbef9ea3e35196d3b",
    "https://esm.sh/v135/punycode@2.3.1/esnext/punycode.mjs": "1a8ca2487ff8c5b5d661cddb0f07017d809f347cc9b92f861f203a4cbba6a138",
    "https://esm.sh/v135/qs@6.11.2/esnext/qs.mjs": "130319d29e906231c449b1204e4f8bd301d9b85527bce736ef0e00a6797821e2",
    "https://esm.sh/v135/readable-stream@3.6.2/esnext/lib/_stream_duplex.js": "1a8ba248509477cd7dc90621a48074614d443f1f44e317b9422ce8189a4a69fc",
    "https://esm.sh/v135/readable-stream@3.6.2/esnext/lib/_stream_passthrough.js": "9d78453d964306519ec5b3097449031cb842441199339a32bf5c2b7b2bb6e649",
    "https://esm.sh/v135/readable-stream@3.6.2/esnext/lib/_stream_readable.js": "439e3bffed4eef53195a5b59404d5533ac2752106425c0d1f1c11875e38c058d",
    "https://esm.sh/v135/readable-stream@3.6.2/esnext/lib/_stream_transform.js": "7f0a03d6037cef8c256cb673f6342875b2661409d1dcbdfde1bea56ceb9dbcb0",
    "https://esm.sh/v135/readable-stream@3.6.2/esnext/lib/_stream_writable.js": "a64b4d59d5a86d2c76abf43b6e20bd2623b751a19f15645a9f6d1296216b06e0",
    "https://esm.sh/v135/readable-stream@3.6.2/esnext/lib/internal/streams/end-of-stream.js": "bc0c615487a20d2a9cb66ac53169011275d6ce8a10a548f02f75774fb1755d07",
    "https://esm.sh/v135/readable-stream@3.6.2/esnext/lib/internal/streams/pipeline.js": "f33482f5491f22e9ef3063e2331efcde520665f0fc1497ad38138bc9c1c2047a",
    "https://esm.sh/v135/readable-stream@3.6.2/esnext/readable-stream.mjs": "fb0c393a4a02d1e15bec28aec2ef40ecbc98d18c8e7616442647ed78da39cfbb",
    "https://esm.sh/v135/safe-buffer@5.2.1/esnext/safe-buffer.mjs": "fe21ed0b3c21eab2089e710aa6b1019a8827b96703629a1c7853c64157973d4d",
    "https://esm.sh/v135/set-function-length@1.1.1/esnext/set-function-length.mjs": "4f4dee1ea717c6c10a1f41f8eff669cbcdb246154345ac7eb7e4517b04c6ec71",
    "https://esm.sh/v135/side-channel@1.0.4/esnext/side-channel.mjs": "995a16aaddd02752ab6ff76d2e126e308f2f63ff195de9519271b871b6c0dcb3",
    "https://esm.sh/v135/stream-browserify@3.0.0/esnext/stream-browserify.mjs": "fc874ac34a4d60564786c6c40f3fd9e628e96bdbe107a481cc8481bdfefd9b62",
    "https://esm.sh/v135/stream-http@3.2.0/esnext/stream-http.mjs": "0889a8e065c3ea93365e8e98d12e898f17f3c95c2372b70a1c32b1c5ae285fe3",
    "https://esm.sh/v135/string_decoder@1.3.0/esnext/string_decoder.mjs": "b68f5bd70f1d6fdcdbb72d81206b4b9a4feb51de5d35d5dc7d8454b94e10be9a",
    "https://esm.sh/v135/tr46@0.0.3/esnext/tr46.mjs": "eb424cc6108f728c8cf1bf64d64a2676b764114d7df63e9c246a123ed8b851d6",
    "https://esm.sh/v135/url@0.11.3/esnext/url.mjs": "4be81a714de20b28a5d5e71a22a4acb407dc1f52fe1fd47081f09a709e42c115",
    "https://esm.sh/v135/util-deprecate@1.0.2/esnext/util-deprecate.mjs": "4f41d24468817217ff64f4db29c3050f1806409d04790dd8d8741f02a4edbd46",
    "https://esm.sh/v135/util@0.12.5/esnext/util.mjs": "5490be30b977eb48277525858ce1371e5305de5a7990e0d1e2f375a2ab0db95f",
    "https://esm.sh/v135/webidl-conversions@3.0.1/esnext/webidl-conversions.mjs": "3829d89aae145961c84df98f2c123d1056f7994205a91a1e655d09bc92c9e0b5",
    "https://esm.sh/v135/whatwg-url@5.0.0/esnext/whatwg-url.mjs": "ed8a1ab8335278d6d20fd472ae604157e4b3a522c65695f57324db77a7e411ed",
    "https://esm.sh/v135/which-typed-array@1.1.13/esnext/which-typed-array.mjs": "5b38cf708801827da4f02fd448b2dc3a501918788f86dbb4fb70584b17083cc1",
    "https://esm.sh/v135/ws@8.18.2/esnext/ws.mjs": "44dcbc7988b4a1b29e1e446ffc04098731976bd8e7ef6e39c393b54bc49a5bea",
    "https://esm.sh/v135/xtend@4.0.2/esnext/xtend.mjs": "c9f48ca0279f05a6e9ffba1c8742b92f13d027d59a07921d823f961955a5423e"
  },
  "workspace": {
    "packageJson": {
      "dependencies": [
        "npm:@emotion/react@^11.14.0",
        "npm:@emotion/styled@^11.14.1",
        "npm:@eslint/js@^9.9.0",
        "npm:@hookform/resolvers@^3.9.0",
        "npm:@mui/material@^7.3.7",
        "npm:@playwright/test@^1.57.0",
        "npm:@radix-ui/react-accordion@^1.2.12",
        "npm:@radix-ui/react-alert-dialog@^1.1.15",
        "npm:@radix-ui/react-aspect-ratio@^1.1.8",
        "npm:@radix-ui/react-avatar@^1.1.11",
        "npm:@radix-ui/react-checkbox@^1.3.3",
        "npm:@radix-ui/react-collapsible@^1.1.0",
        "npm:@radix-ui/react-context-menu@^2.2.16",
        "npm:@radix-ui/react-dialog@^1.1.2",
        "npm:@radix-ui/react-dropdown-menu@^2.1.16",
        "npm:@radix-ui/react-hover-card@^1.1.15",
        "npm:@radix-ui/react-label@^2.1.8",
        "npm:@radix-ui/react-menubar@^1.1.16",
        "npm:@radix-ui/react-navigation-menu@^1.2.14",
        "npm:@radix-ui/react-popover@^1.1.15",
        "npm:@radix-ui/react-progress@^1.1.8",
        "npm:@radix-ui/react-radio-group@^1.3.8",
        "npm:@radix-ui/react-scroll-area@^1.2.10",
        "npm:@radix-ui/react-select@^2.2.6",
        "npm:@radix-ui/react-separator@^1.1.8",
        "npm:@radix-ui/react-slider@^1.3.6",
        "npm:@radix-ui/react-slot@^1.2.4",
        "npm:@radix-ui/react-switch@^1.2.6",
        "npm:@radix-ui/react-tabs@^1.1.13",
        "npm:@radix-ui/react-toast@^1.2.15",
        "npm:@radix-ui/react-toggle-group@^1.1.11",
        "npm:@radix-ui/react-toggle@^1.1.10",
        "npm:@radix-ui/react-tooltip@^1.2.8",
        "npm:@sentry/react@^7.120.0",
        "npm:@stripe/react-stripe-js@^5.4.1",
        "npm:@stripe/stripe-js@^8.6.1",
        "npm:@supabase/supabase-js@^2.90.1",
        "npm:@tailwindcss/typography@~0.5.19",
        "npm:@tanstack/react-query@^5.90.18",
        "npm:@tanstack/react-table@^8.21.3",
        "npm:@types/leaflet@^1.9.21",
        "npm:@types/node@^22.5.5",
        "npm:@types/papaparse@^5.5.2",
        "npm:@types/pg@^8.16.0",
        "npm:@types/react-dom@^18.3.7",
        "npm:@types/react@^18.3.23",
        "npm:@vitejs/plugin-react-swc@^3.5.0",
        "npm:@vitest/ui@^4.0.17",
        "npm:autoprefixer@^10.4.23",
        "npm:class-variance-authority@~0.7.1",
        "npm:clsx@^2.1.1",
        "npm:cmdk@^1.1.1",
        "npm:date-fns@^3.6.0",
        "npm:embla-carousel-react@^8.6.0",
        "npm:eslint-plugin-react-hooks@^7.0.1",
        "npm:eslint-plugin-react-refresh@~0.4.26",
        "npm:eslint@^9.9.0",
        "npm:framer-motion@^11.18.2",
        "npm:globals@^15.9.0",
        "npm:happy-dom@^20.3.1",
        "npm:html5-qrcode@^2.3.8",
        "npm:i18next-browser-languagedetector@^8.2.0",
        "npm:i18next@^22.5.1",
        "npm:input-otp@^1.4.2",
        "npm:leaflet@^1.9.4",
        "npm:lovable-tagger@^1.1.13",
        "npm:lucide-react@0.562",
        "npm:next-themes@~0.4.6",
        "npm:papaparse@^5.5.3",
        "npm:pg@^8.17.1",
        "npm:postcss@^8.4.47",
        "npm:react-day-picker@^8.10.1",
        "npm:react-dom@^18.3.1",
        "npm:react-hook-form@^7.71.1",
        "npm:react-i18next@^12.3.1",
        "npm:react-leaflet@^4.2.1",
        "npm:react-resizable-panels@^2.1.3",
        "npm:react-router-dom@^6.30.1",
        "npm:react-to-print@^3.2.0",
        "npm:react@^18.3.1",
        "npm:recharts@^2.12.7",
        "npm:sonner@^1.5.0",
        "npm:supabase@^2.72.8",
        "npm:tailwind-merge@^2.5.2",
        "npm:tailwindcss-animate@^1.0.7",
        "npm:tailwindcss@^3.4.19",
        "npm:terser@^5.46.0",
        "npm:typescript-eslint@^8.53.0",
        "npm:typescript@^5.9.3",
        "npm:vaul@~0.9.3",
        "npm:vite@^5.4.1",
        "npm:vitest@^4.0.16",
        "npm:zod@^3.23.8"
      ]
    }
  }
}
